
Microsoft Visual Studio Solution File, Format Version 12.00
# Visual Studio Version 17
VisualStudioVersion = 17.0.31903.59
MinimumVisualStudioVersion = 10.0.40219.1
Project("{FAE04EC0-301F-11D3-BF4B-00C04F79EFBC}") = "MiniShop.API", "MiniShop.API\MiniShop.API.csproj", "{4FE745EF-0DF1-41AD-AD75-BA6FB4F6C508}"
EndProject
Project("{FAE04EC0-301F-11D3-BF4B-00C04F79EFBC}") = "MiniShop.Tests", "MiniShop.Tests\MiniShop.Tests.csproj", "{ABB0EF68-0412-4D50-89C4-1B5759DA979B}"
EndProject
Project("{FAE04EC0-301F-11D3-BF4B-00C04F79EFBC}") = "MiniShop.RegKit", "MiniShop.RegKit\MiniShop.RegKit.csproj", "{B7D83F3D-ACF9-40AA-8182-FDA9C07BDF78}"
EndProject
Global
	GlobalSection(SolutionConfigurationPlatforms) = preSolution
		Debug|Any CPU = Debug|Any CPU
		Release|Any CPU = Release|Any CPU
	EndGlobalSection
	GlobalSection(SolutionProperties) = preSolution
		HideSolutionNode = FALSE
	EndGlobalSection
	GlobalSection(ProjectConfigurationPlatforms) = postSolution
		{4FE745EF-0DF1-41AD-AD75-BA6FB4F6C508}.Debug|Any CPU.ActiveCfg = Debug|Any CPU
		{4FE745EF-0DF1-41AD-AD75-BA6FB4F6C508}.Debug|Any CPU.Build.0 = Debug|Any CPU
		{4FE745EF-0DF1-41AD-AD75-BA6FB4F6C508}.Release|Any CPU.ActiveCfg = Release|Any CPU
		{4FE745EF-0DF1-41AD-AD75-BA6FB4F6C508}.Release|Any CPU.Build.0 = Release|Any CPU
		{ABB0EF68-0412-4D50-89C4-1B5759DA979B}.Debug|Any CPU.ActiveCfg = Debug|Any CPU
		{ABB0EF68-0412-4D50-89C4-1B5759DA979B}.Debug|Any CPU.Build.0 = Debug|Any CPU
		{ABB0EF68-0412-4D50-89C4-1B5759DA979B}.Release|Any CPU.ActiveCfg = Release|Any CPU
		{ABB0EF68-0412-4D50-89C4-1B5759DA979B}.Release|Any CPU.Build.0 = Release|Any CPU
		{B7D83F3D-ACF9-40AA-8182-FDA9C07BDF78}.Debug|Any CPU.ActiveCfg = Debug|Any CPU
		{B7D83F3D-ACF9-40AA-8182-FDA9C07BDF78}.Debug|Any CPU.Build.0 = Debug|Any CPU
		{B7D83F3D-ACF9-40AA-8182-FDA9C07BDF78}.Release|Any CPU.ActiveCfg = Release|Any CPU
		{B7D83F3D-ACF9-40AA-8182-FDA9C07BDF78}.Release|Any CPU.Build.0 = Release|Any CPU
	EndGlobalSection
EndGlobal
